{
  "originHash" : "1d7524afe95eb71df571ae0d06e37570f2dbfa9160c1181f4d261ca5332dea02",
  "pins" : [
    {
      "identity" : "grdb.swift",
      "kind" : "remoteSourceControl",
      "location" : "https://github.com/markovsdima/GRDB.swift.git",
      "state" : {
        "revision" : "baff9c73f8ac694c269537317b5be9b62dfdf598",
        "version" : "7.10.0-sqlcipher.1"
      }
    },
    {
      "identity" : "keychainaccess",
      "kind" : "remoteSourceControl",
      "location" : "https://github.com/kishikawakatsumi/KeychainAccess",
      "state" : {
        "revision" : "84e546727d66f1adc5439debad16270d0fdd04e7",
        "version" : "4.2.2"
      }
    },
    {
      "identity" : "matrix-rust-components-swift",
      "kind" : "remoteSourceControl",
      "location" : "https://github.com/matrix-org/matrix-rust-components-swift",
      "state" : {
        "revision" : "2916f3f9cc2aea86ba3a820cb6a8389e13e0284a",
        "version" : "26.4.1"
      }
    },
    {
      "identity" : "sqlcipher.swift",
      "kind" : "remoteSourceControl",
      "location" : "https://github.com/sqlcipher/SQLCipher.swift.git",
      "state" : {
        "revision" : "07bf6bc2191a063d6f1e7c3b5f276a3fadfe36b7",
        "version" : "4.16.0"
      }
    },
    {
      "identity" : "webrtc",
      "kind" : "remoteSourceControl",
      "location" : "https://github.com/stasel/WebRTC/",
      "state" : {
        "revision" : "820d216010b6bb5695139852ec6740edd6f790ff",
        "version" : "138.0.0"
      }
    }
  ],
  "version" : 3
}
