// !$*UTF8*$!
{
	archiveVersion = 1;
	classes = {
	};
	objectVersion = 77;
	objects = {

/* Begin PBXBuildFile section */
		322E76DC2DADAA7E003921EC /* PINCache.xcframework in Frameworks */ = {isa = PBXBuildFile; fileRef = 322E76DB2DADAA7E003921EC /* PINCache.xcframework */; };
		322E76DD2DADAA7E003921EC /* PINCache.xcframework in Embed Frameworks */ = {isa = PBXBuildFile; fileRef = 322E76DB2DADAA7E003921EC /* PINCache.xcframework */; settings = {ATTRIBUTES = (CodeSignOnCopy, RemoveHeadersOnCopy, ); }; };
		322E76DF2DADAA8B003921EC /* PINOperation.xcframework in Frameworks */ = {isa = PBXBuildFile; fileRef = 322E76DE2DADAA8B003921EC /* PINOperation.xcframework */; };
		322E76E02DADAA8B003921EC /* PINOperation.xcframework in Embed Frameworks */ = {isa = PBXBuildFile; fileRef = 322E76DE2DADAA8B003921EC /* PINOperation.xcframework */; settings = {ATTRIBUTES = (CodeSignOnCopy, RemoveHeadersOnCopy, ); }; };
		322E76E22DADAA97003921EC /* PINRemoteImage.xcframework in Frameworks */ = {isa = PBXBuildFile; fileRef = 322E76E12DADAA97003921EC /* PINRemoteImage.xcframework */; };
		322E76E32DADAA97003921EC /* PINRemoteImage.xcframework in Embed Frameworks */ = {isa = PBXBuildFile; fileRef = 322E76E12DADAA97003921EC /* PINRemoteImage.xcframework */; settings = {ATTRIBUTES = (CodeSignOnCopy, RemoveHeadersOnCopy, ); }; };
		322E77762DB083AE003921EC /* AsyncDisplayKit.xcframework in Frameworks */ = {isa = PBXBuildFile; fileRef = 322E76D72DADAA72003921EC /* AsyncDisplayKit.xcframework */; };
		322E77772DB083AE003921EC /* AsyncDisplayKit.xcframework in Embed Frameworks */ = {isa = PBXBuildFile; fileRef = 322E76D72DADAA72003921EC /* AsyncDisplayKit.xcframework */; settings = {ATTRIBUTES = (CodeSignOnCopy, RemoveHeadersOnCopy, ); }; };
		326865392E17643900A407FD /* GRDB in Frameworks */ = {isa = PBXBuildFile; productRef = 326865382E17643900A407FD /* GRDB */; };
		32ED2F0E2F59FA7E0080ED2A /* WebRTC in Frameworks */ = {isa = PBXBuildFile; productRef = 32ED2F0D2F59FA7E0080ED2A /* WebRTC */; };
		32F7D3022E3D59B3009282C3 /* MatrixRustSDK in Frameworks */ = {isa = PBXBuildFile; productRef = 32F7D3012E3D59B3009282C3 /* MatrixRustSDK */; };
		32F7D31A2E3EE41A009282C3 /* KeychainAccess in Frameworks */ = {isa = PBXBuildFile; productRef = 32F7D3192E3EE41A009282C3 /* KeychainAccess */; };
/* End PBXBuildFile section */

/* Begin PBXContainerItemProxy section */
		326E0A972F81CA82008567E5 /* PBXContainerItemProxy */ = {
			isa = PBXContainerItemProxy;
			containerPortal = 324E194E2DAD578A00CB5769 /* Project object */;
			proxyType = 1;
			remoteGlobalIDString = 324E19552DAD578A00CB5769;
			remoteInfo = Zyna;
		};
/* End PBXContainerItemProxy section */

/* Begin PBXCopyFilesBuildPhase section */
		322E76DA2DADAA72003921EC /* Embed Frameworks */ = {
			isa = PBXCopyFilesBuildPhase;
			buildActionMask = 2147483647;
			dstPath = "";
			dstSubfolderSpec = 10;
			files = (
				322E76DD2DADAA7E003921EC /* PINCache.xcframework in Embed Frameworks */,
				322E76E02DADAA8B003921EC /* PINOperation.xcframework in Embed Frameworks */,
				322E77772DB083AE003921EC /* AsyncDisplayKit.xcframework in Embed Frameworks */,
				322E76E32DADAA97003921EC /* PINRemoteImage.xcframework in Embed Frameworks */,
			);
			name = "Embed Frameworks";
			runOnlyForDeploymentPostprocessing = 0;
		};
/* End PBXCopyFilesBuildPhase section */

/* Begin PBXFileReference section */
		322E76D72DADAA72003921EC /* AsyncDisplayKit.xcframework */ = {isa = PBXFileReference; lastKnownFileType = wrapper.xcframework; name = AsyncDisplayKit.xcframework; path = Carthage/Build/AsyncDisplayKit.xcframework; sourceTree = "<group>"; };
		322E76DB2DADAA7E003921EC /* PINCache.xcframework */ = {isa = PBXFileReference; lastKnownFileType = wrapper.xcframework; name = PINCache.xcframework; path = Carthage/Build/PINCache.xcframework; sourceTree = "<group>"; };
		322E76DE2DADAA8B003921EC /* PINOperation.xcframework */ = {isa = PBXFileReference; lastKnownFileType = wrapper.xcframework; name = PINOperation.xcframework; path = Carthage/Build/PINOperation.xcframework; sourceTree = "<group>"; };
		322E76E12DADAA97003921EC /* PINRemoteImage.xcframework */ = {isa = PBXFileReference; lastKnownFileType = wrapper.xcframework; name = PINRemoteImage.xcframework; path = Carthage/Build/PINRemoteImage.xcframework; sourceTree = "<group>"; };
		324E19562DAD578A00CB5769 /* Zyna.app */ = {isa = PBXFileReference; explicitFileType = wrapper.application; includeInIndex = 0; path = Zyna.app; sourceTree = BUILT_PRODUCTS_DIR; };
		326E0A932F81CA82008567E5 /* ZynaTests.xctest */ = {isa = PBXFileReference; explicitFileType = wrapper.cfbundle; includeInIndex = 0; path = ZynaTests.xctest; sourceTree = BUILT_PRODUCTS_DIR; };
		32A89B5E2DB46A3D0051DCE9 /* RxSwift.xcframework */ = {isa = PBXFileReference; lastKnownFileType = wrapper.xcframework; name = RxSwift.xcframework; path = Carthage/Build/RxSwift.xcframework; sourceTree = "<group>"; };
/* End PBXFileReference section */

/* Begin PBXFileSystemSynchronizedBuildFileExceptionSet section */
		32ED2CEE2F58F2580080ED2A /* Exceptions for "Zyna" folder in "Zyna" target */ = {
			isa = PBXFileSystemSynchronizedBuildFileExceptionSet;
			membershipExceptions = (
				App/Info.plist,
			);
			platformFiltersByRelativePath = {
				SwiftUIScreens/Auth/AuthView.swift = (ios, );
			};
			target = 324E19552DAD578A00CB5769 /* Zyna */;
		};
/* End PBXFileSystemSynchronizedBuildFileExceptionSet section */

/* Begin PBXFileSystemSynchronizedRootGroup section */
		326E0A942F81CA82008567E5 /* ZynaTests */ = {
			isa = PBXFileSystemSynchronizedRootGroup;
			path = ZynaTests;
			sourceTree = "<group>";
		};
		32ED2CC32F58F2580080ED2A /* Zyna */ = {
			isa = PBXFileSystemSynchronizedRootGroup;
			exceptions = (
				32ED2CEE2F58F2580080ED2A /* Exceptions for "Zyna" folder in "Zyna" target */,
			);
			path = Zyna;
			sourceTree = "<group>";
		};
/* End PBXFileSystemSynchronizedRootGroup section */

/* Begin PBXFrameworksBuildPhase section */
		324E19532DAD578A00CB5769 /* Frameworks */ = {
			isa = PBXFrameworksBuildPhase;
			buildActionMask = 2147483647;
			files = (
				322E76DC2DADAA7E003921EC /* PINCache.xcframework in Frameworks */,
				322E77762DB083AE003921EC /* AsyncDisplayKit.xcframework in Frameworks */,
				322E76DF2DADAA8B003921EC /* PINOperation.xcframework in Frameworks */,
				32F7D31A2E3EE41A009282C3 /* KeychainAccess in Frameworks */,
				326865392E17643900A407FD /* GRDB in Frameworks */,
				32ED2F0E2F59FA7E0080ED2A /* WebRTC in Frameworks */,
				322E76E22DADAA97003921EC /* PINRemoteImage.xcframework in Frameworks */,
				32F7D3022E3D59B3009282C3 /* MatrixRustSDK in Frameworks */,
			);
			runOnlyForDeploymentPostprocessing = 0;
		};
		326E0A902F81CA82008567E5 /* Frameworks */ = {
			isa = PBXFrameworksBuildPhase;
			buildActionMask = 2147483647;
			files = (
			);
			runOnlyForDeploymentPostprocessing = 0;
		};
/* End PBXFrameworksBuildPhase section */

/* Begin PBXGroup section */
		322E76D62DADAA72003921EC /* Frameworks */ = {
			isa = PBXGroup;
			children = (
				32A89B5E2DB46A3D0051DCE9 /* RxSwift.xcframework */,
				322E76E12DADAA97003921EC /* PINRemoteImage.xcframework */,
				322E76DE2DADAA8B003921EC /* PINOperation.xcframework */,
				322E76DB2DADAA7E003921EC /* PINCache.xcframework */,
				322E76D72DADAA72003921EC /* AsyncDisplayKit.xcframework */,
			);
			name = Frameworks;
			sourceTree = "<group>";
		};
		324E194D2DAD578A00CB5769 = {
			isa = PBXGroup;
			children = (
				32ED2CC32F58F2580080ED2A /* Zyna */,
				32F7D3142E3E80DB009282C3 /* Secrets */,
				326E0A942F81CA82008567E5 /* ZynaTests */,
				322E76D62DADAA72003921EC /* Frameworks */,
				324E19572DAD578A00CB5769 /* Products */,
			);
			sourceTree = "<group>";
		};
		324E19572DAD578A00CB5769 /* Products */ = {
			isa = PBXGroup;
			children = (
				324E19562DAD578A00CB5769 /* Zyna.app */,
				326E0A932F81CA82008567E5 /* ZynaTests.xctest */,
			);
			name = Products;
			sourceTree = "<group>";
		};
		32F7D3142E3E80DB009282C3 /* Secrets */ = {
			isa = PBXGroup;
			children = (
			);
			path = Secrets;
			sourceTree = "<group>";
		};
/* End PBXGroup section */

/* Begin PBXNativeTarget section */
		324E19552DAD578A00CB5769 /* Zyna */ = {
			isa = PBXNativeTarget;
			buildConfigurationList = 324E19692DAD578C00CB5769 /* Build configuration list for PBXNativeTarget "Zyna" */;
			buildPhases = (
				324E19522DAD578A00CB5769 /* Sources */,
				324E19532DAD578A00CB5769 /* Frameworks */,
				324E19542DAD578A00CB5769 /* Resources */,
				322E76DA2DADAA72003921EC /* Embed Frameworks */,
			);
			buildRules = (
			);
			dependencies = (
			);
			fileSystemSynchronizedGroups = (
				32ED2CC32F58F2580080ED2A /* Zyna */,
			);
			name = Zyna;
			packageProductDependencies = (
				326865382E17643900A407FD /* GRDB */,
				32F7D3012E3D59B3009282C3 /* MatrixRustSDK */,
				32F7D3192E3EE41A009282C3 /* KeychainAccess */,
				32ED2F0D2F59FA7E0080ED2A /* WebRTC */,
			);
			productName = Zyna;
			productReference = 324E19562DAD578A00CB5769 /* Zyna.app */;
			productType = "com.apple.product-type.application";
		};
		326E0A922F81CA82008567E5 /* ZynaTests */ = {
			isa = PBXNativeTarget;
			buildConfigurationList = 326E0A9B2F81CA82008567E5 /* Build configuration list for PBXNativeTarget "ZynaTests" */;
			buildPhases = (
				326E0A8F2F81CA82008567E5 /* Sources */,
				326E0A902F81CA82008567E5 /* Frameworks */,
				326E0A912F81CA82008567E5 /* Resources */,
			);
			buildRules = (
			);
			dependencies = (
				326E0A982F81CA82008567E5 /* PBXTargetDependency */,
			);
			fileSystemSynchronizedGroups = (
				326E0A942F81CA82008567E5 /* ZynaTests */,
			);
			name = ZynaTests;
			packageProductDependencies = (
			);
			productName = ZynaTests;
			productReference = 326E0A932F81CA82008567E5 /* ZynaTests.xctest */;
			productType = "com.apple.product-type.bundle.unit-test";
		};
/* End PBXNativeTarget section */

/* Begin PBXProject section */
		324E194E2DAD578A00CB5769 /* Project object */ = {
			isa = PBXProject;
			attributes = {
				BuildIndependentTargetsInParallel = 1;
				LastSwiftUpdateCheck = 2630;
				LastUpgradeCheck = 1620;
				TargetAttributes = {
					324E19552DAD578A00CB5769 = {
						CreatedOnToolsVersion = 16.2;
						LastSwiftMigration = 1620;
					};
					326E0A922F81CA82008567E5 = {
						CreatedOnToolsVersion = 26.3;
						TestTargetID = 324E19552DAD578A00CB5769;
					};
				};
			};
			buildConfigurationList = 324E19512DAD578A00CB5769 /* Build configuration list for PBXProject "Zyna" */;
			developmentRegion = en;
			hasScannedForEncodings = 0;
			knownRegions = (
				en,
				Base,
				ru,
			);
			mainGroup = 324E194D2DAD578A00CB5769;
			minimizedProjectReferenceProxies = 1;
			packageReferences = (
				326865372E17643900A407FD /* XCRemoteSwiftPackageReference "GRDB.swift" */,
				32F7D3002E3D59B3009282C3 /* XCRemoteSwiftPackageReference "matrix-rust-components-swift" */,
				32F7D3182E3EE41A009282C3 /* XCRemoteSwiftPackageReference "KeychainAccess" */,
				32ED2F0C2F59FA7E0080ED2A /* XCRemoteSwiftPackageReference "WebRTC" */,
			);
			preferredProjectObjectVersion = 77;
			productRefGroup = 324E19572DAD578A00CB5769 /* Products */;
			projectDirPath = "";
			projectRoot = "";
			targets = (
				324E19552DAD578A00CB5769 /* Zyna */,
				326E0A922F81CA82008567E5 /* ZynaTests */,
			);
		};
/* End PBXProject section */

/* Begin PBXResourcesBuildPhase section */
		324E19542DAD578A00CB5769 /* Resources */ = {
			isa = PBXResourcesBuildPhase;
			buildActionMask = 2147483647;
			files = (
			);
			runOnlyForDeploymentPostprocessing = 0;
		};
		326E0A912F81CA82008567E5 /* Resources */ = {
			isa = PBXResourcesBuildPhase;
			buildActionMask = 2147483647;
			files = (
			);
			runOnlyForDeploymentPostprocessing = 0;
		};
/* End PBXResourcesBuildPhase section */

/* Begin PBXSourcesBuildPhase section */
		324E19522DAD578A00CB5769 /* Sources */ = {
			isa = PBXSourcesBuildPhase;
			buildActionMask = 2147483647;
			files = (
			);
			runOnlyForDeploymentPostprocessing = 0;
		};
		326E0A8F2F81CA82008567E5 /* Sources */ = {
			isa = PBXSourcesBuildPhase;
			buildActionMask = 2147483647;
			files = (
			);
			runOnlyForDeploymentPostprocessing = 0;
		};
/* End PBXSourcesBuildPhase section */

/* Begin PBXTargetDependency section */
		326E0A982F81CA82008567E5 /* PBXTargetDependency */ = {
			isa = PBXTargetDependency;
			target = 324E19552DAD578A00CB5769 /* Zyna */;
			targetProxy = 326E0A972F81CA82008567E5 /* PBXContainerItemProxy */;
		};
/* End PBXTargetDependency section */

/* Begin XCBuildConfiguration section */
		324E196A2DAD578C00CB5769 /* Debug */ = {
			isa = XCBuildConfiguration;
			buildSettings = {
				ASSETCATALOG_COMPILER_APPICON_NAME = AppIcon;
				ASSETCATALOG_COMPILER_GLOBAL_ACCENT_COLOR_NAME = AccentColor;
				CLANG_ENABLE_MODULES = YES;
				CODE_SIGN_ENTITLEMENTS = Zyna/Zyna.entitlements;
				CODE_SIGN_IDENTITY = "Apple Development";
				"CODE_SIGN_IDENTITY[sdk=iphoneos*]" = "Apple Distribution";
				CODE_SIGN_STYLE = Manual;
				CURRENT_PROJECT_VERSION = 1;
				DEVELOPMENT_TEAM = "";
				"DEVELOPMENT_TEAM[sdk=iphoneos*]" = UM3QPHF8E3;
				GENERATE_INFOPLIST_FILE = YES;
				INFOPLIST_FILE = Zyna/App/Info.plist;
				INFOPLIST_KEY_NSCameraUsageDescription = "Zyna needs access to your camera for video calls and sharing photos.";
				INFOPLIST_KEY_NSMicrophoneUsageDescription = "Zyna needs access to your microphone for voice calls.";
				INFOPLIST_KEY_NSPhotoLibraryAddUsageDescription = "";
				INFOPLIST_KEY_UIApplicationSupportsIndirectInputEvents = YES;
				INFOPLIST_KEY_UILaunchStoryboardName = LaunchScreen;
				INFOPLIST_KEY_UISupportedInterfaceOrientations_iPad = "UIInterfaceOrientationPortrait UIInterfaceOrientationPortraitUpsideDown UIInterfaceOrientationLandscapeLeft UIInterfaceOrientationLandscapeRight";
				INFOPLIST_KEY_UISupportedInterfaceOrientations_iPhone = "UIInterfaceOrientationPortrait UIInterfaceOrientationLandscapeLeft UIInterfaceOrientationLandscapeRight";
				IPHONEOS_DEPLOYMENT_TARGET = 16.0;
				LD_RUNPATH_SEARCH_PATHS = (
					"$(inherited)",
					"@executable_path/Frameworks",
				);
				MARKETING_VERSION = 1.0;
				PRODUCT_BUNDLE_IDENTIFIER = com.app.zyna.Zyna;
				PRODUCT_NAME = "$(TARGET_NAME)";
				PROVISIONING_PROFILE_SPECIFIER = "";
				"PROVISIONING_PROFILE_SPECIFIER[sdk=iphoneos*]" = ZynaDistrib;
				SUPPORTED_PLATFORMS = "iphoneos iphonesimulator";
				SUPPORTS_MACCATALYST = NO;
				SUPPORTS_MAC_DESIGNED_FOR_IPHONE_IPAD = NO;
				SUPPORTS_XR_DESIGNED_FOR_IPHONE_IPAD = NO;
				SWIFT_EMIT_LOC_STRINGS = YES;
				SWIFT_OBJC_BRIDGING_HEADER = "";
				SWIFT_OPTIMIZATION_LEVEL = "-Onone";
				SWIFT_VERSION = 5.0;
				TARGETED_DEVICE_FAMILY = 1;
			};
			name = Debug;
		};
		324E196B2DAD578C00CB5769 /* Release */ = {
			isa = XCBuildConfiguration;
			buildSettings = {
				ASSETCATALOG_COMPILER_APPICON_NAME = AppIcon;
				ASSETCATALOG_COMPILER_GLOBAL_ACCENT_COLOR_NAME = AccentColor;
				CLANG_ENABLE_MODULES = YES;
				CODE_SIGN_ENTITLEMENTS = Zyna/Zyna.entitlements;
				CODE_SIGN_IDENTITY = "Apple Development";
				"CODE_SIGN_IDENTITY[sdk=iphoneos*]" = "Apple Distribution";
				CODE_SIGN_STYLE = Manual;
				CURRENT_PROJECT_VERSION = 1;
				DEVELOPMENT_TEAM = "";
				"DEVELOPMENT_TEAM[sdk=iphoneos*]" = UM3QPHF8E3;
				GENERATE_INFOPLIST_FILE = YES;
				INFOPLIST_FILE = Zyna/App/Info.plist;
				INFOPLIST_KEY_NSCameraUsageDescription = "Zyna needs access to your camera for video calls and sharing photos.";
				INFOPLIST_KEY_NSMicrophoneUsageDescription = "Zyna needs access to your microphone for voice calls.";
				INFOPLIST_KEY_NSPhotoLibraryAddUsageDescription = "";
				INFOPLIST_KEY_UIApplicationSupportsIndirectInputEvents = YES;
				INFOPLIST_KEY_UILaunchStoryboardName = LaunchScreen;
				INFOPLIST_KEY_UISupportedInterfaceOrientations_iPad = "UIInterfaceOrientationPortrait UIInterfaceOrientationPortraitUpsideDown UIInterfaceOrientationLandscapeLeft UIInterfaceOrientationLandscapeRight";
				INFOPLIST_KEY_UISupportedInterfaceOrientations_iPhone = "UIInterfaceOrientationPortrait UIInterfaceOrientationLandscapeLeft UIInterfaceOrientationLandscapeRight";
				IPHONEOS_DEPLOYMENT_TARGET = 16.0;
				LD_RUNPATH_SEARCH_PATHS = (
					"$(inherited)",
					"@executable_path/Frameworks",
				);
				MARKETING_VERSION = 1.0;
				PRODUCT_BUNDLE_IDENTIFIER = com.app.zyna.Zyna;
				PRODUCT_NAME = "$(TARGET_NAME)";
				PROVISIONING_PROFILE_SPECIFIER = "";
				"PROVISIONING_PROFILE_SPECIFIER[sdk=iphoneos*]" = ZynaDistrib;
				SUPPORTED_PLATFORMS = "iphoneos iphonesimulator";
				SUPPORTS_MACCATALYST = NO;
				SUPPORTS_MAC_DESIGNED_FOR_IPHONE_IPAD = NO;
				SUPPORTS_XR_DESIGNED_FOR_IPHONE_IPAD = NO;
				SWIFT_EMIT_LOC_STRINGS = YES;
				SWIFT_OBJC_BRIDGING_HEADER = "";
				SWIFT_VERSION = 5.0;
				TARGETED_DEVICE_FAMILY = 1;
			};
			name = Release;
		};
		324E196C2DAD578C00CB5769 /* Debug */ = {
			isa = XCBuildConfiguration;
			buildSettings = {
				ALWAYS_SEARCH_USER_PATHS = NO;
				ASSETCATALOG_COMPILER_GENERATE_SWIFT_ASSET_SYMBOL_EXTENSIONS = YES;
				CLANG_ANALYZER_NONNULL = YES;
				CLANG_ANALYZER_NUMBER_OBJECT_CONVERSION = YES_AGGRESSIVE;
				CLANG_CXX_LANGUAGE_STANDARD = "gnu++20";
				CLANG_ENABLE_MODULES = YES;
				CLANG_ENABLE_OBJC_ARC = YES;
				CLANG_ENABLE_OBJC_WEAK = YES;
				CLANG_WARN_BLOCK_CAPTURE_AUTORELEASING = YES;
				CLANG_WARN_BOOL_CONVERSION = YES;
				CLANG_WARN_COMMA = YES;
				CLANG_WARN_CONSTANT_CONVERSION = YES;
				CLANG_WARN_DEPRECATED_OBJC_IMPLEMENTATIONS = YES;
				CLANG_WARN_DIRECT_OBJC_ISA_USAGE = YES_ERROR;
				CLANG_WARN_DOCUMENTATION_COMMENTS = YES;
				CLANG_WARN_EMPTY_BODY = YES;
				CLANG_WARN_ENUM_CONVERSION = YES;
				CLANG_WARN_INFINITE_RECURSION = YES;
				CLANG_WARN_INT_CONVERSION = YES;
				CLANG_WARN_NON_LITERAL_NULL_CONVERSION = YES;
				CLANG_WARN_OBJC_IMPLICIT_RETAIN_SELF = YES;
				CLANG_WARN_OBJC_LITERAL_CONVERSION = YES;
				CLANG_WARN_OBJC_ROOT_CLASS = YES_ERROR;
				CLANG_WARN_QUOTED_INCLUDE_IN_FRAMEWORK_HEADER = YES;
				CLANG_WARN_RANGE_LOOP_ANALYSIS = YES;
				CLANG_WARN_STRICT_PROTOTYPES = YES;
				CLANG_WARN_SUSPICIOUS_MOVE = YES;
				CLANG_WARN_UNGUARDED_AVAILABILITY = YES_AGGRESSIVE;
				CLANG_WARN_UNREACHABLE_CODE = YES;
				CLANG_WARN__DUPLICATE_METHOD_MATCH = YES;
				COPY_PHASE_STRIP = NO;
				DEBUG_INFORMATION_FORMAT = dwarf;
				ENABLE_STRICT_OBJC_MSGSEND = YES;
				ENABLE_TESTABILITY = YES;
				ENABLE_USER_SCRIPT_SANDBOXING = YES;
				GCC_C_LANGUAGE_STANDARD = gnu17;
				GCC_DYNAMIC_NO_PIC = NO;
				GCC_NO_COMMON_BLOCKS = YES;
				GCC_OPTIMIZATION_LEVEL = 0;
				GCC_PREPROCESSOR_DEFINITIONS = (
					"DEBUG=1",
					"$(inherited)",
				);
				GCC_WARN_64_TO_32_BIT_CONVERSION = YES;
				GCC_WARN_ABOUT_RETURN_TYPE = YES_ERROR;
				GCC_WARN_UNDECLARED_SELECTOR = YES;
				GCC_WARN_UNINITIALIZED_AUTOS = YES_AGGRESSIVE;
				GCC_WARN_UNUSED_FUNCTION = YES;
				GCC_WARN_UNUSED_VARIABLE = YES;
				IPHONEOS_DEPLOYMENT_TARGET = 16.0;
				LOCALIZATION_PREFERS_STRING_CATALOGS = YES;
				MTL_ENABLE_DEBUG_INFO = INCLUDE_SOURCE;
				MTL_FAST_MATH = YES;
				ONLY_ACTIVE_ARCH = YES;
				SDKROOT = iphoneos;
				SWIFT_ACTIVE_COMPILATION_CONDITIONS = "DEBUG $(inherited)";
				SWIFT_EMIT_LOC_STRINGS = YES;
				SWIFT_OPTIMIZATION_LEVEL = "-Onone";
			};
			name = Debug;
		};
		324E196D2DAD578C00CB5769 /* Release */ = {
			isa = XCBuildConfiguration;
			buildSettings = {
				ALWAYS_SEARCH_USER_PATHS = NO;
				ASSETCATALOG_COMPILER_GENERATE_SWIFT_ASSET_SYMBOL_EXTENSIONS = YES;
				CLANG_ANALYZER_NONNULL = YES;
				CLANG_ANALYZER_NUMBER_OBJECT_CONVERSION = YES_AGGRESSIVE;
				CLANG_CXX_LANGUAGE_STANDARD = "gnu++20";
				CLANG_ENABLE_MODULES = YES;
				CLANG_ENABLE_OBJC_ARC = YES;
				CLANG_ENABLE_OBJC_WEAK = YES;
				CLANG_WARN_BLOCK_CAPTURE_AUTORELEASING = YES;
				CLANG_WARN_BOOL_CONVERSION = YES;
				CLANG_WARN_COMMA = YES;
				CLANG_WARN_CONSTANT_CONVERSION = YES;
				CLANG_WARN_DEPRECATED_OBJC_IMPLEMENTATIONS = YES;
				CLANG_WARN_DIRECT_OBJC_ISA_USAGE = YES_ERROR;
				CLANG_WARN_DOCUMENTATION_COMMENTS = YES;
				CLANG_WARN_EMPTY_BODY = YES;
				CLANG_WARN_ENUM_CONVERSION = YES;
				CLANG_WARN_INFINITE_RECURSION = YES;
				CLANG_WARN_INT_CONVERSION = YES;
				CLANG_WARN_NON_LITERAL_NULL_CONVERSION = YES;
				CLANG_WARN_OBJC_IMPLICIT_RETAIN_SELF = YES;
				CLANG_WARN_OBJC_LITERAL_CONVERSION = YES;
				CLANG_WARN_OBJC_ROOT_CLASS = YES_ERROR;
				CLANG_WARN_QUOTED_INCLUDE_IN_FRAMEWORK_HEADER = YES;
				CLANG_WARN_RANGE_LOOP_ANALYSIS = YES;
				CLANG_WARN_STRICT_PROTOTYPES = YES;
				CLANG_WARN_SUSPICIOUS_MOVE = YES;
				CLANG_WARN_UNGUARDED_AVAILABILITY = YES_AGGRESSIVE;
				CLANG_WARN_UNREACHABLE_CODE = YES;
				CLANG_WARN__DUPLICATE_METHOD_MATCH = YES;
				COPY_PHASE_STRIP = NO;
				DEBUG_INFORMATION_FORMAT = "dwarf-with-dsym";
				ENABLE_NS_ASSERTIONS = NO;
				ENABLE_STRICT_OBJC_MSGSEND = YES;
				ENABLE_USER_SCRIPT_SANDBOXING = YES;
				GCC_C_LANGUAGE_STANDARD = gnu17;
				GCC_NO_COMMON_BLOCKS = YES;
				GCC_WARN_64_TO_32_BIT_CONVERSION = YES;
				GCC_WARN_ABOUT_RETURN_TYPE = YES_ERROR;
				GCC_WARN_UNDECLARED_SELECTOR = YES;
				GCC_WARN_UNINITIALIZED_AUTOS = YES_AGGRESSIVE;
				GCC_WARN_UNUSED_FUNCTION = YES;
				GCC_WARN_UNUSED_VARIABLE = YES;
				IPHONEOS_DEPLOYMENT_TARGET = 16.0;
				LOCALIZATION_PREFERS_STRING_CATALOGS = YES;
				MTL_ENABLE_DEBUG_INFO = NO;
				MTL_FAST_MATH = YES;
				SDKROOT = iphoneos;
				SWIFT_COMPILATION_MODE = wholemodule;
				SWIFT_EMIT_LOC_STRINGS = YES;
				VALIDATE_PRODUCT = YES;
			};
			name = Release;
		};
		326E0A992F81CA82008567E5 /* Debug */ = {
			isa = XCBuildConfiguration;
			buildSettings = {
				BUNDLE_LOADER = "$(TEST_HOST)";
				CODE_SIGN_STYLE = Automatic;
				CURRENT_PROJECT_VERSION = 1;
				DEVELOPMENT_TEAM = 2ZL4A7F4SY;
				GENERATE_INFOPLIST_FILE = YES;
				IPHONEOS_DEPLOYMENT_TARGET = 26.2;
				MARKETING_VERSION = 1.0;
				PRODUCT_BUNDLE_IDENTIFIER = com.app.zyna.Zyna.ZynaTests;
				PRODUCT_NAME = "$(TARGET_NAME)";
				STRING_CATALOG_GENERATE_SYMBOLS = NO;
				SWIFT_APPROACHABLE_CONCURRENCY = YES;
				SWIFT_EMIT_LOC_STRINGS = NO;
				SWIFT_UPCOMING_FEATURE_MEMBER_IMPORT_VISIBILITY = YES;
				SWIFT_VERSION = 5.0;
				TARGETED_DEVICE_FAMILY = "1,2";
				TEST_HOST = "$(BUILT_PRODUCTS_DIR)/Zyna.app/$(BUNDLE_EXECUTABLE_FOLDER_PATH)/Zyna";
			};
			name = Debug;
		};
		326E0A9A2F81CA82008567E5 /* Release */ = {
			isa = XCBuildConfiguration;
			buildSettings = {
				BUNDLE_LOADER = "$(TEST_HOST)";
				CODE_SIGN_STYLE = Automatic;
				CURRENT_PROJECT_VERSION = 1;
				DEVELOPMENT_TEAM = 2ZL4A7F4SY;
				GENERATE_INFOPLIST_FILE = YES;
				IPHONEOS_DEPLOYMENT_TARGET = 26.2;
				MARKETING_VERSION = 1.0;
				PRODUCT_BUNDLE_IDENTIFIER = com.app.zyna.Zyna.ZynaTests;
				PRODUCT_NAME = "$(TARGET_NAME)";
				STRING_CATALOG_GENERATE_SYMBOLS = NO;
				SWIFT_APPROACHABLE_CONCURRENCY = YES;
				SWIFT_EMIT_LOC_STRINGS = NO;
				SWIFT_UPCOMING_FEATURE_MEMBER_IMPORT_VISIBILITY = YES;
				SWIFT_VERSION = 5.0;
				TARGETED_DEVICE_FAMILY = "1,2";
				TEST_HOST = "$(BUILT_PRODUCTS_DIR)/Zyna.app/$(BUNDLE_EXECUTABLE_FOLDER_PATH)/Zyna";
			};
			name = Release;
		};
/* End XCBuildConfiguration section */

/* Begin XCConfigurationList section */
		324E19512DAD578A00CB5769 /* Build configuration list for PBXProject "Zyna" */ = {
			isa = XCConfigurationList;
			buildConfigurations = (
				324E196C2DAD578C00CB5769 /* Debug */,
				324E196D2DAD578C00CB5769 /* Release */,
			);
			defaultConfigurationIsVisible = 0;
			defaultConfigurationName = Release;
		};
		324E19692DAD578C00CB5769 /* Build configuration list for PBXNativeTarget "Zyna" */ = {
			isa = XCConfigurationList;
			buildConfigurations = (
				324E196A2DAD578C00CB5769 /* Debug */,
				324E196B2DAD578C00CB5769 /* Release */,
			);
			defaultConfigurationIsVisible = 0;
			defaultConfigurationName = Release;
		};
		326E0A9B2F81CA82008567E5 /* Build configuration list for PBXNativeTarget "ZynaTests" */ = {
			isa = XCConfigurationList;
			buildConfigurations = (
				326E0A992F81CA82008567E5 /* Debug */,
				326E0A9A2F81CA82008567E5 /* Release */,
			);
			defaultConfigurationIsVisible = 0;
			defaultConfigurationName = Release;
		};
/* End XCConfigurationList section */

/* Begin XCRemoteSwiftPackageReference section */
		326865372E17643900A407FD /* XCRemoteSwiftPackageReference "GRDB.swift" */ = {
			isa = XCRemoteSwiftPackageReference;
			repositoryURL = "https://github.com/groue/GRDB.swift.git";
			requirement = {
				kind = exactVersion;
				version = 7.5.0;
			};
		};
		32ED2F0C2F59FA7E0080ED2A /* XCRemoteSwiftPackageReference "WebRTC" */ = {
			isa = XCRemoteSwiftPackageReference;
			repositoryURL = "https://github.com/stasel/WebRTC/";
			requirement = {
				kind = upToNextMajorVersion;
				minimumVersion = 138.0.0;
			};
		};
		32F7D3002E3D59B3009282C3 /* XCRemoteSwiftPackageReference "matrix-rust-components-swift" */ = {
			isa = XCRemoteSwiftPackageReference;
			repositoryURL = "https://github.com/matrix-org/matrix-rust-components-swift";
			requirement = {
				kind = exactVersion;
				version = 26.4.1;
			};
		};
		32F7D3182E3EE41A009282C3 /* XCRemoteSwiftPackageReference "KeychainAccess" */ = {
			isa = XCRemoteSwiftPackageReference;
			repositoryURL = "https://github.com/kishikawakatsumi/KeychainAccess";
			requirement = {
				kind = exactVersion;
				version = 4.2.2;
			};
		};
/* End XCRemoteSwiftPackageReference section */

/* Begin XCSwiftPackageProductDependency section */
		326865382E17643900A407FD /* GRDB */ = {
			isa = XCSwiftPackageProductDependency;
			package = 326865372E17643900A407FD /* XCRemoteSwiftPackageReference "GRDB.swift" */;
			productName = GRDB;
		};
		32ED2F0D2F59FA7E0080ED2A /* WebRTC */ = {
			isa = XCSwiftPackageProductDependency;
			package = 32ED2F0C2F59FA7E0080ED2A /* XCRemoteSwiftPackageReference "WebRTC" */;
			productName = WebRTC;
		};
		32F7D3012E3D59B3009282C3 /* MatrixRustSDK */ = {
			isa = XCSwiftPackageProductDependency;
			package = 32F7D3002E3D59B3009282C3 /* XCRemoteSwiftPackageReference "matrix-rust-components-swift" */;
			productName = MatrixRustSDK;
		};
		32F7D3192E3EE41A009282C3 /* KeychainAccess */ = {
			isa = XCSwiftPackageProductDependency;
			package = 32F7D3182E3EE41A009282C3 /* XCRemoteSwiftPackageReference "KeychainAccess" */;
			productName = KeychainAccess;
		};
/* End XCSwiftPackageProductDependency section */
	};
	rootObject = 324E194E2DAD578A00CB5769 /* Project object */;
}
